dependencies:
- name: postgresql
  repository: https://kubernetes-charts.storage.googleapis.com/
  version: 8.1.4
- name: rabbitmq
  repository: https://charts.bitnami.com/bitnami
  version: 7.6.3
digest: sha256:67957448c9fa8e95ab19aa1278f00cf0e72b64ee87ada76a8f7619819beb4efa
generated: 2020-08-21T13:07:37.575527+01:00
