dependencies:
- name: postgresql
  repository: https://kubernetes-charts.storage.googleapis.com/
  version: 8.1.4
- name: rabbitmq
  repository: https://charts.bitnami.com/bitnami
  version: 7.5.6
digest: sha256:9ace17410e057ac86850cbc028c9f8d5d05a99f6df8ff72bbd62134ba149487f
generated: 2020-07-23T10:37:42.608158+01:00
